
Microsoft Visual Studio Solution File, Format Version 12.00
# Visual Studio Version 16
VisualStudioVersion = 16.0.31019.35
MinimumVisualStudioVersion = 10.0.40219.1
Project("{FAE04EC0-301F-11D3-BF4B-00C04F79EFBC}") = "POK_CW2_ZAD2", "POK_CW2_ZAD2.csproj", "{669C8299-E853-4518-A79D-DBA25084ECD6}"
EndProject
Global
	GlobalSection(SolutionConfigurationPlatforms) = preSolution
		Debug|Any CPU = Debug|Any CPU
		Release|Any CPU = Release|Any CPU
	EndGlobalSection
	GlobalSection(ProjectConfigurationPlatforms) = postSolution
		{669C8299-E853-4518-A79D-DBA25084ECD6}.Debug|Any CPU.ActiveCfg = Debug|Any CPU
		{669C8299-E853-4518-A79D-DBA25084ECD6}.Debug|Any CPU.Build.0 = Debug|Any CPU
		{669C8299-E853-4518-A79D-DBA25084ECD6}.Release|Any CPU.ActiveCfg = Release|Any CPU
		{669C8299-E853-4518-A79D-DBA25084ECD6}.Release|Any CPU.Build.0 = Release|Any CPU
	EndGlobalSection
	GlobalSection(SolutionProperties) = preSolution
		HideSolutionNode = FALSE
	EndGlobalSection
	GlobalSection(ExtensibilityGlobals) = postSolution
		SolutionGuid = {7704F57F-A297-49AC-A07D-76D562AF8745}
	EndGlobalSection
EndGlobal
